
Microsoft Visual Studio Solution File, Format Version 12.00
# Visual Studio Version 17
VisualStudioVersion = 17.9.34723.18
MinimumVisualStudioVersion = 10.0.40219.1
Project("{2150E333-8FDC-42A3-9474-1A3956D46DE8}") = "src", "src", "{3FEF8008-175A-4F4C-AA40-BEA057916D2F}"
EndProject
Project("{2150E333-8FDC-42A3-9474-1A3956D46DE8}") = "infraestructure", "infraestructure", "{2EDAE8BE-E1CA-4354-BD61-E7FEB55A5B62}"
EndProject
Project("{2150E333-8FDC-42A3-9474-1A3956D46DE8}") = "core", "core", "{126B3969-DDD7-4896-B020-78455F22D001}"
EndProject
Project("{2150E333-8FDC-42A3-9474-1A3956D46DE8}") = "presentation", "presentation", "{3763D2BF-3ABC-4C62-81C7-721CFEE974DA}"
EndProject
Project("{FAE04EC0-301F-11D3-BF4B-00C04F79EFBC}") = "Application", "Application\Application.csproj", "{4887A16D-3CC3-4FA9-ACEE-1FACF09B30C5}"
EndProject
Project("{FAE04EC0-301F-11D3-BF4B-00C04F79EFBC}") = "Domain", "Domain\Domain.csproj", "{6F566522-58EB-4C71-AA66-9E1322C181CD}"
EndProject
Project("{FAE04EC0-301F-11D3-BF4B-00C04F79EFBC}") = "Persistance", "Persistance\Persistance.csproj", "{F909130D-7833-4E84-A64D-6197268DE916}"
EndProject
Project("{FAE04EC0-301F-11D3-BF4B-00C04F79EFBC}") = "WebApi", "WebApi\WebApi.csproj", "{B58A7B38-9F80-4FD1-89FD-69CB616B412D}"
EndProject
Project("{2150E333-8FDC-42A3-9474-1A3956D46DE8}") = "test", "test", "{CD986D5F-5FDD-4FC2-81BA-F3A190E7468A}"
EndProject
Global
	GlobalSection(SolutionConfigurationPlatforms) = preSolution
		Debug|Any CPU = Debug|Any CPU
		Release|Any CPU = Release|Any CPU
	EndGlobalSection
	GlobalSection(ProjectConfigurationPlatforms) = postSolution
		{4887A16D-3CC3-4FA9-ACEE-1FACF09B30C5}.Debug|Any CPU.ActiveCfg = Debug|Any CPU
		{4887A16D-3CC3-4FA9-ACEE-1FACF09B30C5}.Debug|Any CPU.Build.0 = Debug|Any CPU
		{4887A16D-3CC3-4FA9-ACEE-1FACF09B30C5}.Release|Any CPU.ActiveCfg = Release|Any CPU
		{4887A16D-3CC3-4FA9-ACEE-1FACF09B30C5}.Release|Any CPU.Build.0 = Release|Any CPU
		{6F566522-58EB-4C71-AA66-9E1322C181CD}.Debug|Any CPU.ActiveCfg = Debug|Any CPU
		{6F566522-58EB-4C71-AA66-9E1322C181CD}.Debug|Any CPU.Build.0 = Debug|Any CPU
		{6F566522-58EB-4C71-AA66-9E1322C181CD}.Release|Any CPU.ActiveCfg = Release|Any CPU
		{6F566522-58EB-4C71-AA66-9E1322C181CD}.Release|Any CPU.Build.0 = Release|Any CPU
		{F909130D-7833-4E84-A64D-6197268DE916}.Debug|Any CPU.ActiveCfg = Debug|Any CPU
		{F909130D-7833-4E84-A64D-6197268DE916}.Debug|Any CPU.Build.0 = Debug|Any CPU
		{F909130D-7833-4E84-A64D-6197268DE916}.Release|Any CPU.ActiveCfg = Release|Any CPU
		{F909130D-7833-4E84-A64D-6197268DE916}.Release|Any CPU.Build.0 = Release|Any CPU
		{B58A7B38-9F80-4FD1-89FD-69CB616B412D}.Debug|Any CPU.ActiveCfg = Debug|Any CPU
		{B58A7B38-9F80-4FD1-89FD-69CB616B412D}.Debug|Any CPU.Build.0 = Debug|Any CPU
		{B58A7B38-9F80-4FD1-89FD-69CB616B412D}.Release|Any CPU.ActiveCfg = Release|Any CPU
		{B58A7B38-9F80-4FD1-89FD-69CB616B412D}.Release|Any CPU.Build.0 = Release|Any CPU
	EndGlobalSection
	GlobalSection(SolutionProperties) = preSolution
		HideSolutionNode = FALSE
	EndGlobalSection
	GlobalSection(NestedProjects) = preSolution
		{2EDAE8BE-E1CA-4354-BD61-E7FEB55A5B62} = {3FEF8008-175A-4F4C-AA40-BEA057916D2F}
		{126B3969-DDD7-4896-B020-78455F22D001} = {3FEF8008-175A-4F4C-AA40-BEA057916D2F}
		{3763D2BF-3ABC-4C62-81C7-721CFEE974DA} = {3FEF8008-175A-4F4C-AA40-BEA057916D2F}
		{4887A16D-3CC3-4FA9-ACEE-1FACF09B30C5} = {126B3969-DDD7-4896-B020-78455F22D001}
		{6F566522-58EB-4C71-AA66-9E1322C181CD} = {126B3969-DDD7-4896-B020-78455F22D001}
		{F909130D-7833-4E84-A64D-6197268DE916} = {2EDAE8BE-E1CA-4354-BD61-E7FEB55A5B62}
		{B58A7B38-9F80-4FD1-89FD-69CB616B412D} = {3763D2BF-3ABC-4C62-81C7-721CFEE974DA}
		{CD986D5F-5FDD-4FC2-81BA-F3A190E7468A} = {3FEF8008-175A-4F4C-AA40-BEA057916D2F}
	EndGlobalSection
	GlobalSection(ExtensibilityGlobals) = postSolution
		SolutionGuid = {02548F73-CECC-4982-B574-0D91805B3E07}
	EndGlobalSection
EndGlobal
